
Microsoft Visual Studio Solution File, Format Version 12.00
# Visual Studio Version 17
VisualStudioVersion = 17.5.33627.172
MinimumVisualStudioVersion = 10.0.40219.1
Project("{FAE04EC0-301F-11D3-BF4B-00C04F79EFBC}") = "Proyecto Cartonero", "Proyecto Cartonero\Proyecto Cartonero.csproj", "{B65F42A7-9FC2-4A82-BFB9-CA76B263E211}"
EndProject
Global
	GlobalSection(SolutionConfigurationPlatforms) = preSolution
		Debug|Any CPU = Debug|Any CPU
		Release|Any CPU = Release|Any CPU
	EndGlobalSection
	GlobalSection(ProjectConfigurationPlatforms) = postSolution
		{B65F42A7-9FC2-4A82-BFB9-CA76B263E211}.Debug|Any CPU.ActiveCfg = Debug|Any CPU
		{B65F42A7-9FC2-4A82-BFB9-CA76B263E211}.Debug|Any CPU.Build.0 = Debug|Any CPU
		{B65F42A7-9FC2-4A82-BFB9-CA76B263E211}.Release|Any CPU.ActiveCfg = Release|Any CPU
		{B65F42A7-9FC2-4A82-BFB9-CA76B263E211}.Release|Any CPU.Build.0 = Release|Any CPU
	EndGlobalSection
	GlobalSection(SolutionProperties) = preSolution
		HideSolutionNode = FALSE
	EndGlobalSection
	GlobalSection(ExtensibilityGlobals) = postSolution
		SolutionGuid = {830968F4-CBFD-4280-BB2F-62EB82DEAF4E}
	EndGlobalSection
EndGlobal
